
Microsoft Visual Studio Solution File, Format Version 12.00
# Visual Studio 15
Project("{FAE04EC0-301F-11D3-BF4B-00C04F79EFBC}") = "PracticeLinqConsole", "PracticeLinqConsole\PracticeLinqConsole.csproj", "{79324F79-39C3-4794-B86D-6AA2635DE97D}"
EndProject
Global
	GlobalSection(SolutionConfigurationPlatforms) = preSolution
		Debug|anycpu = Debug|anycpu
		Release|anycpu = Release|anycpu
	EndGlobalSection
	GlobalSection(ProjectConfigurationPlatforms) = postSolution
		{79324F79-39C3-4794-B86D-6AA2635DE97D}.Debug|anycpu.ActiveCfg = Debug|anycpu
		{79324F79-39C3-4794-B86D-6AA2635DE97D}.Debug|anycpu.Build.0 = Debug|anycpu
		{79324F79-39C3-4794-B86D-6AA2635DE97D}.Release|anycpu.ActiveCfg = Release|anycpu
		{79324F79-39C3-4794-B86D-6AA2635DE97D}.Release|anycpu.Build.0 = Release|anycpu
	EndGlobalSection
EndGlobal
